{
  "nodes": {
    "home-manager": {
      "inputs": {
        "nixpkgs": [
          "nixpkgs"
        ]
      },
      "locked": {
        "lastModified": 1721135958,
        "narHash": "sha256-H548rpPMsn25LDKn1PCFmPxmWlClJJGnvdzImHkqjuY=",
        "owner": "nix-community",
        "repo": "home-manager",
        "rev": "afd2021bedff2de92dfce0e257a3d03ae65c603d",
        "type": "github"
      },
      "original": {
        "owner": "nix-community",
        "repo": "home-manager",
        "type": "github"
      }
    },
    "myRepo": {
      "inputs": {
        "nixpkgs": [
          "nixpkgs"
        ]
      },
      "locked": {
        "lastModified": 1720044475,
        "narHash": "sha256-1PIATAERTN4pIEyriEdnwd3vGkcH8NI/uU5zECGLb/c=",
        "owner": "CrackTC",
        "repo": "nur-packages",
        "rev": "1ad9fdcfd3142707f2d7f4c440a09f78abe86ca8",
        "type": "github"
      },
      "original": {
        "owner": "CrackTC",
        "repo": "nur-packages",
        "type": "github"
      }
    },
    "nixpkgs": {
      "locked": {
        "lastModified": 1720957393,
        "narHash": "sha256-oedh2RwpjEa+TNxhg5Je9Ch6d3W1NKi7DbRO1ziHemA=",
        "owner": "NixOS",
        "repo": "nixpkgs",
        "rev": "693bc46d169f5af9c992095736e82c3488bf7dbb",
        "type": "github"
      },
      "original": {
        "owner": "NixOS",
        "ref": "nixos-unstable",
        "repo": "nixpkgs",
        "type": "github"
      }
    },
    "nixpkgs-master": {
      "flake": false,
      "locked": {
        "lastModified": 1721200863,
        "narHash": "sha256-mM17Sq5c1PYpbeI7G/CQZhNupd8lxto+o6OjvdpzRfg=",
        "owner": "NixOS",
        "repo": "nixpkgs",
        "rev": "c6517332480d9eafd7cbcb5ff65ea6f3d454e28f",
        "type": "github"
      },
      "original": {
        "owner": "NixOS",
        "ref": "master",
        "repo": "nixpkgs",
        "type": "github"
      }
    },
    "nixpkgs-stable": {
      "flake": false,
      "locked": {
        "lastModified": 1720954236,
        "narHash": "sha256-1mEKHp4m9brvfQ0rjCca8P1WHpymK3TOr3v34ydv9bs=",
        "owner": "NixOS",
        "repo": "nixpkgs",
        "rev": "53e81e790209e41f0c1efa9ff26ff2fd7ab35e27",
        "type": "github"
      },
      "original": {
        "owner": "NixOS",
        "ref": "nixos-24.05",
        "repo": "nixpkgs",
        "type": "github"
      }
    },
    "nur": {
      "flake": false,
      "locked": {
        "lastModified": 1721198247,
        "narHash": "sha256-mqRYYRfG6hn1VlI7jM8f4KGmMHDhAjPhtzwPm7AEKgs=",
        "owner": "nix-community",
        "repo": "NUR",
        "rev": "be30019339c72ce3310ad5775dc9b95a685915f4",
        "type": "github"
      },
      "original": {
        "owner": "nix-community",
        "repo": "NUR",
        "type": "github"
      }
    },
    "root": {
      "inputs": {
        "home-manager": "home-manager",
        "myRepo": "myRepo",
        "nixpkgs": "nixpkgs",
        "nixpkgs-master": "nixpkgs-master",
        "nixpkgs-stable": "nixpkgs-stable",
        "nur": "nur",
        "sops-nix": "sops-nix"
      }
    },
    "sops-nix": {
      "inputs": {
        "nixpkgs": [
          "nixpkgs"
        ],
        "nixpkgs-stable": [
          "nixpkgs-stable"
        ]
      },
      "locked": {
        "lastModified": 1720926522,
        "narHash": "sha256-eTpnrT6yu1vp8C0B5fxHXhgKxHoYMoYTEikQx///jxY=",
        "owner": "Mic92",
        "repo": "sops-nix",
        "rev": "0703ba03fd9c1665f8ab68cc3487302475164617",
        "type": "github"
      },
      "original": {
        "owner": "Mic92",
        "repo": "sops-nix",
        "type": "github"
      }
    }
  },
  "root": "root",
  "version": 7
}
